
Microsoft Visual Studio Solution File, Format Version 12.00
# Visual Studio Version 16
VisualStudioVersion = 16.0.30011.22
MinimumVisualStudioVersion = 10.0.40219.1
Project("{FAE04EC0-301F-11D3-BF4B-00C04F79EFBC}") = "weathering", "weathering\weathering.csproj", "{434AA523-57FC-4F9C-BDAD-924FAEF339EE}"
EndProject
Global
	GlobalSection(SolutionConfigurationPlatforms) = preSolution
		Debug|ARM = Debug|ARM
		Debug|ARM64 = Debug|ARM64
		Debug|x64 = Debug|x64
		Debug|x86 = Debug|x86
		Release|ARM = Release|ARM
		Release|ARM64 = Release|ARM64
		Release|x64 = Release|x64
		Release|x86 = Release|x86
	EndGlobalSection
	GlobalSection(ProjectConfigurationPlatforms) = postSolution
		{434AA523-57FC-4F9C-BDAD-924FAEF339EE}.Debug|ARM.ActiveCfg = Debug|ARM
		{434AA523-57FC-4F9C-BDAD-924FAEF339EE}.Debug|ARM.Build.0 = Debug|ARM
		{434AA523-57FC-4F9C-BDAD-924FAEF339EE}.Debug|ARM.Deploy.0 = Debug|ARM
		{434AA523-57FC-4F9C-BDAD-924FAEF339EE}.Debug|ARM64.ActiveCfg = Debug|ARM64
		{434AA523-57FC-4F9C-BDAD-924FAEF339EE}.Debug|ARM64.Build.0 = Debug|ARM64
		{434AA523-57FC-4F9C-BDAD-924FAEF339EE}.Debug|ARM64.Deploy.0 = Debug|ARM64
		{434AA523-57FC-4F9C-BDAD-924FAEF339EE}.Debug|x64.ActiveCfg = Debug|x64
		{434AA523-57FC-4F9C-BDAD-924FAEF339EE}.Debug|x64.Build.0 = Debug|x64
		{434AA523-57FC-4F9C-BDAD-924FAEF339EE}.Debug|x64.Deploy.0 = Debug|x64
		{434AA523-57FC-4F9C-BDAD-924FAEF339EE}.Debug|x86.ActiveCfg = Debug|x86
		{434AA523-57FC-4F9C-BDAD-924FAEF339EE}.Debug|x86.Build.0 = Debug|x86
		{434AA523-57FC-4F9C-BDAD-924FAEF339EE}.Debug|x86.Deploy.0 = Debug|x86
		{434AA523-57FC-4F9C-BDAD-924FAEF339EE}.Release|ARM.ActiveCfg = Release|ARM
		{434AA523-57FC-4F9C-BDAD-924FAEF339EE}.Release|ARM.Build.0 = Release|ARM
		{434AA523-57FC-4F9C-BDAD-924FAEF339EE}.Release|ARM.Deploy.0 = Release|ARM
		{434AA523-57FC-4F9C-BDAD-924FAEF339EE}.Release|ARM64.ActiveCfg = Release|ARM64
		{434AA523-57FC-4F9C-BDAD-924FAEF339EE}.Release|ARM64.Build.0 = Release|ARM64
		{434AA523-57FC-4F9C-BDAD-924FAEF339EE}.Release|ARM64.Deploy.0 = Release|ARM64
		{434AA523-57FC-4F9C-BDAD-924FAEF339EE}.Release|x64.ActiveCfg = Release|x64
		{434AA523-57FC-4F9C-BDAD-924FAEF339EE}.Release|x64.Build.0 = Release|x64
		{434AA523-57FC-4F9C-BDAD-924FAEF339EE}.Release|x64.Deploy.0 = Release|x64
		{434AA523-57FC-4F9C-BDAD-924FAEF339EE}.Release|x86.ActiveCfg = Release|x86
		{434AA523-57FC-4F9C-BDAD-924FAEF339EE}.Release|x86.Build.0 = Release|x86
		{434AA523-57FC-4F9C-BDAD-924FAEF339EE}.Release|x86.Deploy.0 = Release|x86
	EndGlobalSection
	GlobalSection(SolutionProperties) = preSolution
		HideSolutionNode = FALSE
	EndGlobalSection
	GlobalSection(ExtensibilityGlobals) = postSolution
		SolutionGuid = {16784211-6B74-45B1-AE34-FBD4F3554696}
	EndGlobalSection
EndGlobal
